{
    "name": "gamers-gala",
    "version": "1.0.0",
    "lockfileVersion": 3,
    "requires": true,
    "packages": {
        "": {
            "name": "gamers-gala",
            "version": "1.0.0",
            "license": "MIT",
            "dependencies": {
                "apicalypse": "^0.2.0",
                "dotenv": "^8.2.0"
            }
        },
        "node_modules/apicalypse": {
            "version": "0.2.0",
            "resolved": "https://registry.npmjs.org/apicalypse/-/apicalypse-0.2.0.tgz",
            "integrity": "sha512-KJeyO2vHGOLkb90fNeuEytx0zG65Ifcplr1dk9mnngzsS4J6ksHB0PyNvu0dehsc8rAaLx+OW+L4raU7UDlpFw==",
            "dependencies": {
                "axios": "^0.21.1",
                "better-queue": "^3.8.10",
                "better-queue-memory": "^1.0.4"
            }
        },
        "node_modules/axios": {
            "version": "0.21.4",
            "resolved": "https://registry.npmjs.org/axios/-/axios-0.21.4.tgz",
            "integrity": "sha512-ut5vewkiu8jjGBdqpM44XxjuCjq9LAKeHVmoVfHVzy8eHgxxq8SbAVQNovDA8mVi05kP0Ea/n/UzcSHcTJQfNg==",
            "dependencies": {
                "follow-redirects": "^1.14.0"
            }
        },
        "node_modules/better-queue": {
            "version": "3.8.12",
            "resolved": "https://registry.npmjs.org/better-queue/-/better-queue-3.8.12.tgz",
            "integrity": "sha512-D9KZ+Us+2AyaCz693/9AyjTg0s8hEmkiM/MB3i09cs4MdK1KgTSGJluXRYmOulR69oLZVo2XDFtqsExDt8oiLA==",
            "dependencies": {
                "better-queue-memory": "^1.0.1",
                "node-eta": "^0.9.0",
                "uuid": "^9.0.0"
            }
        },
        "node_modules/better-queue-memory": {
            "version": "1.0.4",
            "resolved": "https://registry.npmjs.org/better-queue-memory/-/better-queue-memory-1.0.4.tgz",
            "integrity": "sha512-SWg5wFIShYffEmJpI6LgbL8/3Dqhku7xI1oEiy6FroP9DbcZlG0ZDjxvPdP9t7hTGW40IpIcC6zVoGT1oxjOuA=="
        },
        "node_modules/dotenv": {
            "version": "8.6.0",
            "resolved": "https://registry.npmjs.org/dotenv/-/dotenv-8.6.0.tgz",
            "integrity": "sha512-IrPdXQsk2BbzvCBGBOTmmSH5SodmqZNt4ERAZDmW4CT+tL8VtvinqywuANaFu4bOMWki16nqf0e4oC0QIaDr/g==",
            "engines": {
                "node": ">=10"
            }
        },
        "node_modules/follow-redirects": {
            "version": "1.15.6",
            "resolved": "https://registry.npmjs.org/follow-redirects/-/follow-redirects-1.15.6.tgz",
            "integrity": "sha512-wWN62YITEaOpSK584EZXJafH1AGpO8RVgElfkuXbTOrPX4fIfOyEpW/CsiNd8JdYrAoOvafRTOEnvsO++qCqFA==",
            "funding": [
                {
                    "type": "individual",
                    "url": "https://github.com/sponsors/RubenVerborgh"
                }
            ],
            "engines": {
                "node": ">=4.0"
            },
            "peerDependenciesMeta": {
                "debug": {
                    "optional": true
                }
            }
        },
        "node_modules/node-eta": {
            "version": "0.9.0",
            "resolved": "https://registry.npmjs.org/node-eta/-/node-eta-0.9.0.tgz",
            "integrity": "sha512-mTCTZk29tmX1OGfVkPt63H3c3VqXrI2Kvua98S7iUIB/Gbp0MNw05YtUomxQIxnnKMyRIIuY9izPcFixzhSBrA=="
        },
        "node_modules/uuid": {
            "version": "9.0.1",
            "resolved": "https://registry.npmjs.org/uuid/-/uuid-9.0.1.tgz",
            "integrity": "sha512-b+1eJOlsR9K8HJpow9Ok3fiWOWSIcIzXodvv0rQjVoOVNpWMpxf1wZNpt4y9h10odCNrqnYp1OBzRktckBe3sA==",
            "funding": [
                "https://github.com/sponsors/broofa",
                "https://github.com/sponsors/ctavan"
            ],
            "bin": {
                "uuid": "dist/bin/uuid"
            }
        }
    }
}
